# THIS IS AN AUTOGENERATED FILE. DO NOT EDIT THIS FILE DIRECTLY.
# yarn lockfile v1


consign@^0.1.6:
  version "0.1.6"
  resolved "https://registry.yarnpkg.com/consign/-/consign-0.1.6.tgz#5a9b3a60ba5d362a514841b0c633e584486a72d7"
  integrity sha512-Idlqa7N46rD6Odarx9qArbMpPrljc8DjV2DYH6uAFoOLITtuanhi2S/Z4LX4Jvg6+ef16Mjwwp5k5c5fMoOzIA==
